
Microsoft Visual Studio Solution File, Format Version 12.00
# Visual Studio 15
VisualStudioVersion = 15.0.28218.60
MinimumVisualStudioVersion = 10.0.40219.1
Project("{9A19103F-16F7-4668-BE54-9A1E7A4F7556}") = "ProgramL01", "src\ProgramL01\ProgramL01.csproj", "{A5DE05C0-D2CE-4C46-83D8-0FD7EAD18430}"
EndProject
Project("{2150E333-8FDC-42A3-9474-1A3956D46DE8}") = "src", "src", "{84C5A987-5870-40AA-A062-E4F0C3BCAE48}"
EndProject
Project("{FAE04EC0-301F-11D3-BF4B-00C04F79EFBC}") = "FileVisiting", "src\FileVisiting\FileVisiting.csproj", "{BFB3FFB9-71A7-4929-B4C9-1DD1D773954B}"
EndProject
Project("{FAE04EC0-301F-11D3-BF4B-00C04F79EFBC}") = "FileSystem", "src\FileSystem\FileSystem.csproj", "{9CAA0167-AF08-46D9-8BCB-D853C875EFE5}"
EndProject
Project("{FAE04EC0-301F-11D3-BF4B-00C04F79EFBC}") = "FileService.Interface", "src\FileService.Interface\FileService.Interface.csproj", "{B6FEB4F2-AE73-4EC3-90B9-1385F5AE07D6}"
EndProject
Project("{FAE04EC0-301F-11D3-BF4B-00C04F79EFBC}") = "ProgramL02", "src\ProgramL02\ProgramL02.csproj", "{4D454313-2FF6-4907-BDE5-33EBC2626C64}"
EndProject
Project("{FAE04EC0-301F-11D3-BF4B-00C04F79EFBC}") = "FileVisitingTest", "tests\FileVisitingTest\FileVisitingTest.csproj", "{FA7DA65A-84FD-4A9C-9C0C-59D1B864984F}"
EndProject
Project("{2150E333-8FDC-42A3-9474-1A3956D46DE8}") = "tests", "tests", "{3484E105-33A1-47F7-B831-5F02C73D686E}"
EndProject
Global
	GlobalSection(SolutionConfigurationPlatforms) = preSolution
		Debug|Any CPU = Debug|Any CPU
		Release|Any CPU = Release|Any CPU
	EndGlobalSection
	GlobalSection(ProjectConfigurationPlatforms) = postSolution
		{A5DE05C0-D2CE-4C46-83D8-0FD7EAD18430}.Debug|Any CPU.ActiveCfg = Debug|Any CPU
		{A5DE05C0-D2CE-4C46-83D8-0FD7EAD18430}.Debug|Any CPU.Build.0 = Debug|Any CPU
		{A5DE05C0-D2CE-4C46-83D8-0FD7EAD18430}.Release|Any CPU.ActiveCfg = Release|Any CPU
		{A5DE05C0-D2CE-4C46-83D8-0FD7EAD18430}.Release|Any CPU.Build.0 = Release|Any CPU
		{BFB3FFB9-71A7-4929-B4C9-1DD1D773954B}.Debug|Any CPU.ActiveCfg = Debug|Any CPU
		{BFB3FFB9-71A7-4929-B4C9-1DD1D773954B}.Debug|Any CPU.Build.0 = Debug|Any CPU
		{BFB3FFB9-71A7-4929-B4C9-1DD1D773954B}.Release|Any CPU.ActiveCfg = Release|Any CPU
		{BFB3FFB9-71A7-4929-B4C9-1DD1D773954B}.Release|Any CPU.Build.0 = Release|Any CPU
		{9CAA0167-AF08-46D9-8BCB-D853C875EFE5}.Debug|Any CPU.ActiveCfg = Debug|Any CPU
		{9CAA0167-AF08-46D9-8BCB-D853C875EFE5}.Debug|Any CPU.Build.0 = Debug|Any CPU
		{9CAA0167-AF08-46D9-8BCB-D853C875EFE5}.Release|Any CPU.ActiveCfg = Release|Any CPU
		{9CAA0167-AF08-46D9-8BCB-D853C875EFE5}.Release|Any CPU.Build.0 = Release|Any CPU
		{B6FEB4F2-AE73-4EC3-90B9-1385F5AE07D6}.Debug|Any CPU.ActiveCfg = Debug|Any CPU
		{B6FEB4F2-AE73-4EC3-90B9-1385F5AE07D6}.Debug|Any CPU.Build.0 = Debug|Any CPU
		{B6FEB4F2-AE73-4EC3-90B9-1385F5AE07D6}.Release|Any CPU.ActiveCfg = Release|Any CPU
		{B6FEB4F2-AE73-4EC3-90B9-1385F5AE07D6}.Release|Any CPU.Build.0 = Release|Any CPU
		{4D454313-2FF6-4907-BDE5-33EBC2626C64}.Debug|Any CPU.ActiveCfg = Debug|Any CPU
		{4D454313-2FF6-4907-BDE5-33EBC2626C64}.Debug|Any CPU.Build.0 = Debug|Any CPU
		{4D454313-2FF6-4907-BDE5-33EBC2626C64}.Release|Any CPU.ActiveCfg = Release|Any CPU
		{4D454313-2FF6-4907-BDE5-33EBC2626C64}.Release|Any CPU.Build.0 = Release|Any CPU
		{FA7DA65A-84FD-4A9C-9C0C-59D1B864984F}.Debug|Any CPU.ActiveCfg = Debug|Any CPU
		{FA7DA65A-84FD-4A9C-9C0C-59D1B864984F}.Debug|Any CPU.Build.0 = Debug|Any CPU
		{FA7DA65A-84FD-4A9C-9C0C-59D1B864984F}.Release|Any CPU.ActiveCfg = Release|Any CPU
		{FA7DA65A-84FD-4A9C-9C0C-59D1B864984F}.Release|Any CPU.Build.0 = Release|Any CPU
	EndGlobalSection
	GlobalSection(SolutionProperties) = preSolution
		HideSolutionNode = FALSE
	EndGlobalSection
	GlobalSection(NestedProjects) = preSolution
		{A5DE05C0-D2CE-4C46-83D8-0FD7EAD18430} = {84C5A987-5870-40AA-A062-E4F0C3BCAE48}
		{BFB3FFB9-71A7-4929-B4C9-1DD1D773954B} = {84C5A987-5870-40AA-A062-E4F0C3BCAE48}
		{9CAA0167-AF08-46D9-8BCB-D853C875EFE5} = {84C5A987-5870-40AA-A062-E4F0C3BCAE48}
		{B6FEB4F2-AE73-4EC3-90B9-1385F5AE07D6} = {84C5A987-5870-40AA-A062-E4F0C3BCAE48}
		{4D454313-2FF6-4907-BDE5-33EBC2626C64} = {84C5A987-5870-40AA-A062-E4F0C3BCAE48}
		{FA7DA65A-84FD-4A9C-9C0C-59D1B864984F} = {3484E105-33A1-47F7-B831-5F02C73D686E}
	EndGlobalSection
	GlobalSection(ExtensibilityGlobals) = postSolution
		SolutionGuid = {C6F7260D-627A-410A-A608-1773325EED5B}
	EndGlobalSection
EndGlobal
